
Microsoft Visual Studio Solution File, Format Version 12.00
# Visual Studio Version 17
VisualStudioVersion = 17.0.32112.339
MinimumVisualStudioVersion = 10.0.40219.1
Project("{FAE04EC0-301F-11D3-BF4B-00C04F79EFBC}") = "Dominisoft.NetworkMapper", "Dominisoft.NetworkMapper\Dominisoft.NetworkMapper.csproj", "{528EEF61-6627-4031-BE93-E2E9F9DA838D}"
EndProject
Project("{FAE04EC0-301F-11D3-BF4B-00C04F79EFBC}") = "Dominisoft.NetworkMapper.Tests", "Dominisoft.NetworkMapper.Tests\Dominisoft.NetworkMapper.Tests.csproj", "{A1BE05B7-C55D-4158-9932-7B4182CADD66}"
EndProject
Global
	GlobalSection(SolutionConfigurationPlatforms) = preSolution
		Debug|Any CPU = Debug|Any CPU
		Release|Any CPU = Release|Any CPU
	EndGlobalSection
	GlobalSection(ProjectConfigurationPlatforms) = postSolution
		{528EEF61-6627-4031-BE93-E2E9F9DA838D}.Debug|Any CPU.ActiveCfg = Debug|Any CPU
		{528EEF61-6627-4031-BE93-E2E9F9DA838D}.Debug|Any CPU.Build.0 = Debug|Any CPU
		{528EEF61-6627-4031-BE93-E2E9F9DA838D}.Release|Any CPU.ActiveCfg = Release|Any CPU
		{528EEF61-6627-4031-BE93-E2E9F9DA838D}.Release|Any CPU.Build.0 = Release|Any CPU
		{A1BE05B7-C55D-4158-9932-7B4182CADD66}.Debug|Any CPU.ActiveCfg = Debug|Any CPU
		{A1BE05B7-C55D-4158-9932-7B4182CADD66}.Debug|Any CPU.Build.0 = Debug|Any CPU
		{A1BE05B7-C55D-4158-9932-7B4182CADD66}.Release|Any CPU.ActiveCfg = Release|Any CPU
		{A1BE05B7-C55D-4158-9932-7B4182CADD66}.Release|Any CPU.Build.0 = Release|Any CPU
	EndGlobalSection
	GlobalSection(SolutionProperties) = preSolution
		HideSolutionNode = FALSE
	EndGlobalSection
	GlobalSection(ExtensibilityGlobals) = postSolution
		SolutionGuid = {49A7D956-0FB5-4AAC-8A70-06415297CF79}
	EndGlobalSection
EndGlobal
